PODS:
  - Connectivity (8.0.1)
  - GoogleMaps (10.4.0):
    - GoogleMaps/Maps (= 10.4.0)
  - GoogleMaps/Maps (10.4.0)
  - SwiftyJSON (5.0.2)

DEPENDENCIES:
  - Connectivity
  - GoogleMaps (= 10.4.0)
  - SwiftyJSON (= 5.0.2)

SPEC REPOS:
  trunk:
    - Connectivity
    - GoogleMaps
    - SwiftyJSON

SPEC CHECKSUMS:
  Connectivity: f9e562568f32d7a297412d939edac9f3959db96f
  GoogleMaps: a40d3b1f511f0fa2036e7b08c920c33279b1d5fd
  SwiftyJSON: f5b1bf1cd8dd53cd25887ac0eabcfd92301c6a5a

PODFILE CHECKSUM: 65a23d63fd8bea66519d765b36a73d3d425f1f2a

COCOAPODS: 1.16.2
